# THIS IS AN AUTOGENERATED FILE. DO NOT EDIT THIS FILE DIRECTLY.
# yarn lockfile v1


"@rollup/plugin-node-resolve@^13.0.6":
  version "13.0.6"
  resolved "https://registry.yarnpkg.com/@rollup/plugin-node-resolve/-/plugin-node-resolve-13.0.6.tgz#29629070bb767567be8157f575cfa8f2b8e9ef77"
  integrity sha512-sFsPDMPd4gMqnh2gS0uIxELnoRUp5kBl5knxD2EO0778G1oOJv4G1vyT2cpWz75OU2jDVcXhjVUuTAczGyFNKA==
  dependencies:
    "@rollup/pluginutils" "^3.1.0"
    "@types/resolve" "1.17.1"
    builtin-modules "^3.1.0"
    deepmerge "^4.2.2"
    is-module "^1.0.0"
    resolve "^1.19.0"

"@rollup/pluginutils@^3.1.0":
  version "3.1.0"
  resolved "https://registry.yarnpkg.com/@rollup/pluginutils/-/pluginutils-3.1.0.tgz#706b4524ee6dc8b103b3c995533e5ad680c02b9b"
  integrity sha512-GksZ6pr6TpIjHm8h9lSQ8pi8BE9VeubNT0OMJ3B5uZJ8pz73NPiqOtCog/x2/QzM1ENChPKxMDhiQuRHsqc+lg==
  dependencies:
    "@types/estree" "0.0.39"
    estree-walker "^1.0.1"
    picomatch "^2.2.2"

"@types/d3-array@^2":
  version "2.12.3"
  resolved "https://registry.yarnpkg.com/@types/d3-array/-/d3-array-2.12.3.tgz#8d16d51fb04ad5a5a8ebe14eb8263a579f1efdd1"
  integrity sha512-hN879HLPTVqZV3FQEXy7ptt083UXwguNbnxdTGzVW4y4KjX5uyNKljrQixZcSJfLyFirbpUokxpXtvR+N5+KIg==

"@types/d3-axis@^2":
  version "2.1.3"
  resolved "https://registry.yarnpkg.com/@types/d3-axis/-/d3-axis-2.1.3.tgz#348cca877f6643030aa8c866d08ccae06821a0e2"
  integrity sha512-QjXjwZ0xzyrW2ndkmkb09ErgWDEYtbLBKGui73QLMFm3woqWpxptfD5Y7vqQdybMcu7WEbjZ5q+w2w5+uh2IjA==
  dependencies:
    "@types/d3-selection" "^2"

"@types/d3-brush@^2":
  version "2.1.2"
  resolved "https://registry.yarnpkg.com/@types/d3-brush/-/d3-brush-2.1.2.tgz#c75890d1ccaef24fba1811daae3f896c1806418b"
  integrity sha512-DnZmjdK1ycX1CMiW9r5E3xSf1tL+bp3yob1ON8bf0xB0/odfmGXeYOTafU+2SmU1F0/dvcqaO4SMjw62onOu6A==
  dependencies:
    "@types/d3-selection" "^2"

"@types/d3-chord@^2":
  version "2.0.3"
  resolved "https://registry.yarnpkg.com/@types/d3-chord/-/d3-chord-2.0.3.tgz#3009b792b754da964d893b4269d1fe7757f21370"
  integrity sha512-koIqSNQLPRQPXt7c55hgRF6Lr9Ps72r1+Biv55jdYR+SHJ463MsB2lp4ktzttFNmrQw/9yWthf/OmSUj5dNXKw==

"@types/d3-color@^2":
  version "2.0.3"
  resolved "https://registry.yarnpkg.com/@types/d3-color/-/d3-color-2.0.3.tgz#8bc4589073c80e33d126345542f588056511fe82"
  integrity sha512-+0EtEjBfKEDtH9Rk3u3kLOUXM5F+iZK+WvASPb0MhIZl8J8NUvGeZRwKCXl+P3HkYx5TdU4YtcibpqHkSR9n7w==

"@types/d3-contour@^2":
  version "2.0.4"
  resolved "https://registry.yarnpkg.com/@types/d3-contour/-/d3-contour-2.0.4.tgz#2fc5aa8949c1a1d12d183633603923025e3d14fd"
  integrity sha512-WMac1xV/mXAgkgr5dUvzsBV5OrgNZDBDpJk9s3v2SadTqGgDRirKABb2Ek2H1pFlYVH4Oly9XJGnuzxKDduqWA==
  dependencies:
    "@types/d3-array" "^2"
    "@types/geojson" "*"

"@types/d3-delaunay@^5":
  version "5.3.1"
  resolved "https://registry.yarnpkg.com/@types/d3-delaunay/-/d3-delaunay-5.3.1.tgz#47ae03af6b78cb3aa39d3d3c42ca71daca488aef"
  integrity sha512-F6itHi2DxdatHil1rJ2yEFUNhejj8+0Acd55LZ6Ggwbdoks0+DxVY2cawNj16sjCBiWvubVlh6eBMVsYRNGLew==

"@types/d3-dispatch@^2":
  version "2.0.1"
  resolved "https://registry.yarnpkg.com/@types/d3-dispatch/-/d3-dispatch-2.0.1.tgz#d7dc50f9b679996ccf70f3c79dbbf99505a93107"
  integrity sha512-eT2K8uG3rXkmRiCpPn0rNrekuSLdBfV83vbTvfZliA5K7dbeaqWS/CBHtJ9SQoF8aDTsWSY4A0RU67U/HcKdJQ==

"@types/d3-drag@^2":
  version "2.0.2"
  resolved "https://registry.yarnpkg.com/@types/d3-drag/-/d3-drag-2.0.2.tgz#ed538d24456c839967a9ac7aab5e1b63b28bac7f"
  integrity sha512-m9USoFaTgVw2mmE7vLjWTApT9dMxMlql/dl3Gj503x+1a2n6K455iDWydqy2dfCpkUBCoF82yRGDgcSk9FUEyQ==
  dependencies:
    "@types/d3-selection" "^2"

"@types/d3-dsv@^2":
  version "2.0.2"
  resolved "https://registry.yarnpkg.com/@types/d3-dsv/-/d3-dsv-2.0.2.tgz#e10fa57576b50ded27e261db9984b9a92efec2f3"
  integrity sha512-T4aL2ZzaILkLGKbxssipYVRs8334PSR9FQzTGftZbc3jIPGkiXXS7qUCh8/q8UWFzxBZQ92dvR0v7+AM9wL2PA==

"@types/d3-ease@^2":
  version "2.0.1"
  resolved "https://registry.yarnpkg.com/@types/d3-ease/-/d3-ease-2.0.1.tgz#be03d29980ed7359be1d5b93ff666f95ddcbcf48"
  integrity sha512-Af1ftZXv82ktPCk1+Vxe7f+VSfxDsQ1mwwakDl17+UzI/ii3vsDIAzaBDDSEQd2Cg9BYPTSx8wXH8rJNDuSjeg==

"@types/d3-fetch@^2":
  version "2.0.2"
  resolved "https://registry.yarnpkg.com/@types/d3-fetch/-/d3-fetch-2.0.2.tgz#628c65d14b3a0d02fe1b9c2f3098b81a47e370bc"
  integrity sha512-sllsCSWrNdSvzOJWN5RnxkmtvW9pCttONGajSxHX9FUQ9kOkGE391xlz6VDBdZxLnpwjp3I+mipbwsaCjq4m5A==
  dependencies:
    "@types/d3-dsv" "^2"

"@types/d3-force@^2":
  version "2.1.4"
  resolved "https://registry.yarnpkg.com/@types/d3-force/-/d3-force-2.1.4.tgz#98919b87db8a0ca5011d189c598d69251d20344d"
  integrity sha512-1XVRc2QbeUSL1FRVE53Irdz7jY+drTwESHIMVirCwkAAMB/yVC8ezAfx/1Alq0t0uOnphoyhRle1ht5CuPgSJQ==

"@types/d3-format@^2":
  version "2.0.2"
  resolved "https://registry.yarnpkg.com/@types/d3-format/-/d3-format-2.0.2.tgz#97b2ac314430ae9f7768cc9efba8b23b63af82ef"
  integrity sha512-OhQPuTeeMhD9A0Ksqo4q1S9Z1Q57O/t4tTPBxBQxRB4IERnxeoEYLPe72fA/GYpPSUrfKZVOgLHidkxwbzLdJA==

"@types/d3-geo@^2":
  version "2.0.3"
  resolved "https://registry.yarnpkg.com/@types/d3-geo/-/d3-geo-2.0.3.tgz#4af0f33c9e796aad6c3fc0dd8cadda9886d1fea9"
  integrity sha512-kFwLEMXq1mGJ2Eho7KrOUYvLcc2YTDeKj+kTFt87JlEbRQ0rgo8ZENNb5vTYmZrJ2xL/vVM5M7yqVZGOPH2JFg==
  dependencies:
    "@types/geojson" "*"

"@types/d3-hierarchy@^2":
  version "2.0.2"
  resolved "https://registry.yarnpkg.com/@types/d3-hierarchy/-/d3-hierarchy-2.0.2.tgz#afd09d509c36e8cd4907333556f8b591f23589e9"
  integrity sha512-6PlBRwbjUPPt0ZFq/HTUyOAdOF3p73EUYots74lHMUyAVtdFSOS/hAeNXtEIM9i7qRDntuIblXxHGUMb9MuNRA==

"@types/d3-interpolate@^2":
  version "2.0.2"
  resolved "https://registry.yarnpkg.com/@types/d3-interpolate/-/d3-interpolate-2.0.2.tgz#78eddf7278b19e48e8652603045528d46897aba0"
  integrity sha512-lElyqlUfIPyWG/cD475vl6msPL4aMU7eJvx1//Q177L8mdXoVPFl1djIESF2FKnc0NyaHvQlJpWwKJYwAhUoCw==
  dependencies:
    "@types/d3-color" "^2"

"@types/d3-path@^2":
  version "2.0.1"
  resolved "https://registry.yarnpkg.com/@types/d3-path/-/d3-path-2.0.1.tgz#ca03dfa8b94d8add97ad0cd97e96e2006b4763cb"
  integrity sha512-6K8LaFlztlhZO7mwsZg7ClRsdLg3FJRzIIi6SZXDWmmSJc2x8dd2VkESbLXdk3p8cuvz71f36S0y8Zv2AxqvQw==

"@types/d3-polygon@^2":
  version "2.0.1"
  resolved "https://registry.yarnpkg.com/@types/d3-polygon/-/d3-polygon-2.0.1.tgz#c2056594f85b512bc2b4f741caddd4b5448bc115"
  integrity sha512-X3XTIwBxlzRIWe4yaD1KsmcfItjSPLTGL04QDyP08jyHDVsnz3+NZJMwtD4vCaTAVpGSjbqS+jrBo8cO2V/xMA==

"@types/d3-quadtree@^2":
  version "2.0.2"
  resolved "https://registry.yarnpkg.com/@types/d3-quadtree/-/d3-quadtree-2.0.2.tgz#e3cd92b4e05318f98b0a16e780ba99ce7b13eb77"
  integrity sha512-KgWL4jlz8QJJZX01E4HKXJ9FLU94RTuObsAYqsPp8YOAcYDmEgJIQJ+ojZcnKUAnrUb78ik8JBKWas5XZPqJnQ==

"@types/d3-random@^2":
  version "2.2.1"
  resolved "https://registry.yarnpkg.com/@types/d3-random/-/d3-random-2.2.1.tgz#551edbb71cb317dea2cf9c76ebe059d311eefacb"
  integrity sha512-5vvxn6//poNeOxt1ZwC7QU//dG9QqABjy1T7fP/xmFHY95GnaOw3yABf29hiu5SR1Oo34XcpyHFbzod+vemQjA==

"@types/d3-scale-chromatic@^2":
  version "2.0.1"
  resolved "https://registry.yarnpkg.com/@types/d3-scale-chromatic/-/d3-scale-chromatic-2.0.1.tgz#495cbbae7273e0d0ff564cdc19aa6d2b9928da83"
  integrity sha512-3EuZlbPu+pvclZcb1DhlymTWT2W+lYsRKBjvkH2ojDbCWDYavifqu1vYX9WGzlPgCgcS4Alhk1+zapXbGEGylQ==

"@types/d3-scale@^3":
  version "3.3.2"
  resolved "https://registry.yarnpkg.com/@types/d3-scale/-/d3-scale-3.3.2.tgz#18c94e90f4f1c6b1ee14a70f14bfca2bd1c61d06"
  integrity sha512-gGqr7x1ost9px3FvIfUMi5XA/F/yAf4UkUDtdQhpH92XCT0Oa7zkkRzY61gPVJq+DxpHn/btouw5ohWkbBsCzQ==
  dependencies:
    "@types/d3-time" "^2"

"@types/d3-selection@^2":
  version "2.0.1"
  resolved "https://registry.yarnpkg.com/@types/d3-selection/-/d3-selection-2.0.1.tgz#bc2816c96faff285d204dda72b79734d4f37d583"
  integrity sha512-3mhtPnGE+c71rl/T5HMy+ykg7migAZ4T6gzU0HxpgBFKcasBrSnwRbYV1/UZR6o5fkpySxhWxAhd7yhjj8jL7g==

"@types/d3-shape@^2":
  version "2.1.3"
  resolved "https://registry.yarnpkg.com/@types/d3-shape/-/d3-shape-2.1.3.tgz#35d397b9e687abaa0de82343b250b9897b8cacf3"
  integrity sha512-HAhCel3wP93kh4/rq+7atLdybcESZ5bRHDEZUojClyZWsRuEMo3A52NGYJSh48SxfxEU6RZIVbZL2YFZ2OAlzQ==
  dependencies:
    "@types/d3-path" "^2"

"@types/d3-time-format@^3":
  version "3.0.1"
  resolved "https://registry.yarnpkg.com/@types/d3-time-format/-/d3-time-format-3.0.1.tgz#1680fb6c41ab3a85db261ede296626668592246a"
  integrity sha512-5GIimz5IqaRsdnxs4YlyTZPwAMfALu/wA4jqSiuqgdbCxUZ2WjrnwANqOtoBJQgeaUTdYNfALJO0Yb0YrDqduA==

"@types/d3-time@^2":
  version "2.1.1"
  resolved "https://registry.yarnpkg.com/@types/d3-time/-/d3-time-2.1.1.tgz#743fdc821c81f86537cbfece07093ac39b4bc342"
  integrity sha512-9MVYlmIgmRR31C5b4FVSWtuMmBHh2mOWQYfl7XAYOa8dsnb7iEmUmRSWSFgXFtkjxO65d7hTUHQC+RhR/9IWFg==

"@types/d3-timer@^2":
  version "2.0.1"
  resolved "https://registry.yarnpkg.com/@types/d3-timer/-/d3-timer-2.0.1.tgz#ffb6620d290624f3726aa362c0c8a4b44c8d7200"
  integrity sha512-TF8aoF5cHcLO7W7403blM7L1T+6NF3XMyN3fxyUolq2uOcFeicG/khQg/dGxiCJWoAcmYulYN7LYSRKO54IXaA==

"@types/d3-transition@^2":
  version "2.0.2"
  resolved "https://registry.yarnpkg.com/@types/d3-transition/-/d3-transition-2.0.2.tgz#d5ba1c26a3daeb0c5527d573d44b4c5ca9fae027"
  integrity sha512-376TICEykdXOEA9uUIYpjshEkxfGwCPnkHUl8+6gphzKbf5NMnUhKT7wR59Yxrd9wtJ/rmE3SVLx6/8w4eY6Zg==
  dependencies:
    "@types/d3-selection" "^2"

"@types/d3-zoom@^2":
  version "2.0.3"
  resolved "https://registry.yarnpkg.com/@types/d3-zoom/-/d3-zoom-2.0.3.tgz#9eef8763600fa8be11b8cb0ed9144a395df6dffb"
  integrity sha512-9X9uDYKk2U8w775OHj36s9Q7GkNAnJKGw6+sbkP5DpHSjELwKvTGzEK6+IISYfLpJRL/V3mRXMhgDnnJ5LkwJg==
  dependencies:
    "@types/d3-interpolate" "^2"
    "@types/d3-selection" "^2"

"@types/d3@^6.7.0":
  version "6.7.5"
  resolved "https://registry.yarnpkg.com/@types/d3/-/d3-6.7.5.tgz#6ae8034ea21db10fa3e31db1f670c5887d91d8a3"
  integrity sha512-TUZ6zuT/KIvbHSv81kwAiO5gG5aTuoiLGnWR/KxHJ15Idy/xmGUXaaF5zMG+UMIsndcGlSHTmrvwRgdvZlNKaA==
  dependencies:
    "@types/d3-array" "^2"
    "@types/d3-axis" "^2"
    "@types/d3-brush" "^2"
    "@types/d3-chord" "^2"
    "@types/d3-color" "^2"
    "@types/d3-contour" "^2"
    "@types/d3-delaunay" "^5"
    "@types/d3-dispatch" "^2"
    "@types/d3-drag" "^2"
    "@types/d3-dsv" "^2"
    "@types/d3-ease" "^2"
    "@types/d3-fetch" "^2"
    "@types/d3-force" "^2"
    "@types/d3-format" "^2"
    "@types/d3-geo" "^2"
    "@types/d3-hierarchy" "^2"
    "@types/d3-interpolate" "^2"
    "@types/d3-path" "^2"
    "@types/d3-polygon" "^2"
    "@types/d3-quadtree" "^2"
    "@types/d3-random" "^2"
    "@types/d3-scale" "^3"
    "@types/d3-scale-chromatic" "^2"
    "@types/d3-selection" "^2"
    "@types/d3-shape" "^2"
    "@types/d3-time" "^2"
    "@types/d3-time-format" "^3"
    "@types/d3-timer" "^2"
    "@types/d3-transition" "^2"
    "@types/d3-zoom" "^2"

"@types/estree@0.0.39":
  version "0.0.39"
  resolved "https://registry.yarnpkg.com/@types/estree/-/estree-0.0.39.tgz#e177e699ee1b8c22d23174caaa7422644389509f"
  integrity sha512-EYNwp3bU+98cpU4lAWYYL7Zz+2gryWH1qbdDTidVd6hkiR6weksdbMadyXKXNPEkQFhXM+hVO9ZygomHXp+AIw==

"@types/geojson@*":
  version "7946.0.8"
  resolved "https://registry.yarnpkg.com/@types/geojson/-/geojson-7946.0.8.tgz#30744afdb385e2945e22f3b033f897f76b1f12ca"
  integrity sha512-1rkryxURpr6aWP7R786/UQOkJ3PcpQiWkAXBmdWc7ryFWqN6a4xfK7BtjXvFBKO9LjQ+MWQSWxYeZX1OApnArA==

"@types/node@*":
  version "16.11.6"
  resolved "https://registry.yarnpkg.com/@types/node/-/node-16.11.6.tgz#6bef7a2a0ad684cf6e90fcfe31cecabd9ce0a3ae"
  integrity sha512-ua7PgUoeQFjmWPcoo9khiPum3Pd60k4/2ZGXt18sm2Slk0W0xZTqt5Y0Ny1NyBiN1EVQ/+FaF9NcY4Qe6rwk5w==

"@types/resolve@1.17.1":
  version "1.17.1"
  resolved "https://registry.yarnpkg.com/@types/resolve/-/resolve-1.17.1.tgz#3afd6ad8967c77e4376c598a82ddd58f46ec45d6"
  integrity sha512-yy7HuzQhj0dhGpD8RLXSZWEkLsV9ibvxvi6EiJ3bkqLAO1RGo0WbkWQiwpRlSFymTJRz0d3k5LM3kkx8ArDbLw==
  dependencies:
    "@types/node" "*"

builtin-modules@^3.1.0:
  version "3.2.0"
  resolved "https://registry.yarnpkg.com/builtin-modules/-/builtin-modules-3.2.0.tgz#45d5db99e7ee5e6bc4f362e008bf917ab5049887"
  integrity sha512-lGzLKcioL90C7wMczpkY0n/oART3MbBa8R9OFGE1rJxoVI86u4WAGfEk8Wjv10eKSyTHVGkSo3bvBylCEtk7LA==

commander@7:
  version "7.2.0"
  resolved "https://registry.yarnpkg.com/commander/-/commander-7.2.0.tgz#a36cb57d0b501ce108e4d20559a150a391d97ab7"
  integrity sha512-QrWXB+ZQSVPmIWIhtEO9H+gwHaMGYiF5ChvoJ+K9ZGHG/sVsa6yiesAD1GC/x46sET00Xlwo1u49RVVVzvcSkw==

"d3-array@2 - 3", "d3-array@2.10.0 - 3", "d3-array@2.5.0 - 3", d3-array@3:
  version "3.1.1"
  resolved "https://registry.yarnpkg.com/d3-array/-/d3-array-3.1.1.tgz#7797eb53ead6b9083c75a45a681e93fc41bc468c"
  integrity sha512-33qQ+ZoZlli19IFiQx4QEpf2CBEayMRzhlisJHSCsSUbDXv6ZishqS1x7uFVClKG4Wr7rZVHvaAttoLow6GqdQ==
  dependencies:
    internmap "1 - 2"

d3-axis@3:
  version "3.0.0"
  resolved "https://registry.yarnpkg.com/d3-axis/-/d3-axis-3.0.0.tgz#c42a4a13e8131d637b745fc2973824cfeaf93322"
  integrity sha512-IH5tgjV4jE/GhHkRV0HiVYPDtvfjHQlQfJHs0usq7M30XcSBvOotpmH1IgkcXsO/5gEQZD43B//fc7SRT5S+xw==

d3-brush@3:
  version "3.0.0"
  resolved "https://registry.yarnpkg.com/d3-brush/-/d3-brush-3.0.0.tgz#6f767c4ed8dcb79de7ede3e1c0f89e63ef64d31c"
  integrity sha512-ALnjWlVYkXsVIGlOsuWH1+3udkYFI48Ljihfnh8FZPF2QS9o+PzGLBslO0PjzVoHLZ2KCVgAM8NVkXPJB2aNnQ==
  dependencies:
    d3-dispatch "1 - 3"
    d3-drag "2 - 3"
    d3-interpolate "1 - 3"
    d3-selection "3"
    d3-transition "3"

d3-chord@3:
  version "3.0.1"
  resolved "https://registry.yarnpkg.com/d3-chord/-/d3-chord-3.0.1.tgz#d156d61f485fce8327e6abf339cb41d8cbba6966"
  integrity sha512-VE5S6TNa+j8msksl7HwjxMHDM2yNK3XCkusIlpX5kwauBfXuyLAtNg9jCp/iHH61tgI4sb6R/EIMWCqEIdjT/g==
  dependencies:
    d3-path "1 - 3"

"d3-color@1 - 3", d3-color@3:
  version "3.0.1"
  resolved "https://registry.yarnpkg.com/d3-color/-/d3-color-3.0.1.tgz#03316e595955d1fcd39d9f3610ad41bb90194d0a"
  integrity sha512-6/SlHkDOBLyQSJ1j1Ghs82OIUXpKWlR0hCsw0XrLSQhuUPuCSmLQ1QPH98vpnQxMUQM2/gfAkUEWsupVpd9JGw==

d3-contour@3:
  version "3.0.1"
  resolved "https://registry.yarnpkg.com/d3-contour/-/d3-contour-3.0.1.tgz#2c64255d43059599cd0dba8fe4cc3d51ccdd9bbd"
  integrity sha512-0Oc4D0KyhwhM7ZL0RMnfGycLN7hxHB8CMmwZ3+H26PWAG0ozNuYG5hXSDNgmP1SgJkQMrlG6cP20HoaSbvcJTQ==
  dependencies:
    d3-array "2 - 3"

d3-delaunay@6:
  version "6.0.2"
  resolved "https://registry.yarnpkg.com/d3-delaunay/-/d3-delaunay-6.0.2.tgz#7fd3717ad0eade2fc9939f4260acfb503f984e92"
  integrity sha512-IMLNldruDQScrcfT+MWnazhHbDJhcRJyOEBAJfwQnHle1RPh6WDuLvxNArUju2VSMSUuKlY5BGHRJ2cYyoFLQQ==
  dependencies:
    delaunator "5"

"d3-dispatch@1 - 3", d3-dispatch@3:
  version "3.0.1"
  resolved "https://registry.yarnpkg.com/d3-dispatch/-/d3-dispatch-3.0.1.tgz#5fc75284e9c2375c36c839411a0cf550cbfc4d5e"
  integrity sha512-rzUyPU/S7rwUflMyLc1ETDeBj0NRuHKKAcvukozwhshr6g6c5d8zh4c2gQjY2bZ0dXeGLWc1PF174P2tVvKhfg==

"d3-drag@2 - 3", d3-drag@3:
  version "3.0.0"
  resolved "https://registry.yarnpkg.com/d3-drag/-/d3-drag-3.0.0.tgz#994aae9cd23c719f53b5e10e3a0a6108c69607ba"
  integrity sha512-pWbUJLdETVA8lQNJecMxoXfH6x+mO2UQo8rSmZ+QqxcbyA3hfeprFgIT//HW2nlHChWeIIMwS2Fq+gEARkhTkg==
  dependencies:
    d3-dispatch "1 - 3"
    d3-selection "3"

"d3-dsv@1 - 3", d3-dsv@3:
  version "3.0.1"
  resolved "https://registry.yarnpkg.com/d3-dsv/-/d3-dsv-3.0.1.tgz#c63af978f4d6a0d084a52a673922be2160789b73"
  integrity sha512-UG6OvdI5afDIFP9w4G0mNq50dSOsXHJaRE8arAS5o9ApWnIElp8GZw1Dun8vP8OyHOZ/QJUKUJwxiiCCnUwm+Q==
  dependencies:
    commander "7"
    iconv-lite "0.6"
    rw "1"

"d3-ease@1 - 3", d3-ease@3:
  version "3.0.1"
  resolved "https://registry.yarnpkg.com/d3-ease/-/d3-ease-3.0.1.tgz#9658ac38a2140d59d346160f1f6c30fda0bd12f4"
  integrity sha512-wR/XK3D3XcLIZwpbvQwQ5fK+8Ykds1ip7A2Txe0yxncXSdq1L9skcG7blcedkOX+ZcgxGAmLX1FrRGbADwzi0w==

d3-fetch@3:
  version "3.0.1"
  resolved "https://registry.yarnpkg.com/d3-fetch/-/d3-fetch-3.0.1.tgz#83141bff9856a0edb5e38de89cdcfe63d0a60a22"
  integrity sha512-kpkQIM20n3oLVBKGg6oHrUchHM3xODkTzjMoj7aWQFq5QEM+R6E4WkzT5+tojDY7yjez8KgCBRoj4aEr99Fdqw==
  dependencies:
    d3-dsv "1 - 3"

d3-force@3:
  version "3.0.0"
  resolved "https://registry.yarnpkg.com/d3-force/-/d3-force-3.0.0.tgz#3e2ba1a61e70888fe3d9194e30d6d14eece155c4"
  integrity sha512-zxV/SsA+U4yte8051P4ECydjD/S+qeYtnaIyAs9tgHCqfguma/aAQDjo85A9Z6EKhBirHRJHXIgJUlffT4wdLg==
  dependencies:
    d3-dispatch "1 - 3"
    d3-quadtree "1 - 3"
    d3-timer "1 - 3"

"d3-format@1 - 3", d3-format@3:
  version "3.0.1"
  resolved "https://registry.yarnpkg.com/d3-format/-/d3-format-3.0.1.tgz#e41b81b2ab79277141ec1404aa5d05001da64084"
  integrity sha512-hdL7+HBIohpgfolhBxr1KX47VMD6+vVD/oEFrxk5yhmzV2prk99EkFKYpXuhVkFpTgHdJ6/4bYcjdLPPXV4tIA==

d3-geo@3:
  version "3.0.1"
  resolved "https://registry.yarnpkg.com/d3-geo/-/d3-geo-3.0.1.tgz#4f92362fd8685d93e3b1fae0fd97dc8980b1ed7e"
  integrity sha512-Wt23xBych5tSy9IYAM1FR2rWIBFWa52B/oF/GYe5zbdHrg08FU8+BuI6X4PvTwPDdqdAdq04fuWJpELtsaEjeA==
  dependencies:
    d3-array "2.5.0 - 3"

d3-hierarchy@3:
  version "3.0.1"
  resolved "https://registry.yarnpkg.com/d3-hierarchy/-/d3-hierarchy-3.0.1.tgz#0365342d54972e38ca05e9143e0ab1c60846b3b5"
  integrity sha512-RlLTaofEoOrMK1JoXYIGhKTkJFI/6rFrYPgxy6QlZo2BcVc4HGTqEU0rPpzuMq5T/5XcMtAzv1XiLA3zRTfygw==

"d3-interpolate@1 - 3", "d3-interpolate@1.2.0 - 3", d3-interpolate@3:
  version "3.0.1"
  resolved "https://registry.yarnpkg.com/d3-interpolate/-/d3-interpolate-3.0.1.tgz#3c47aa5b32c5b3dfb56ef3fd4342078a632b400d"
  integrity sha512-3bYs1rOD33uo8aqJfKP3JWPAibgw8Zm2+L9vBKEHJ2Rg+viTR7o5Mmv5mZcieN+FRYaAOWX5SJATX6k1PWz72g==
  dependencies:
    d3-color "1 - 3"

"d3-path@1 - 3", d3-path@3:
  version "3.0.1"
  resolved "https://registry.yarnpkg.com/d3-path/-/d3-path-3.0.1.tgz#f09dec0aaffd770b7995f1a399152bf93052321e"
  integrity sha512-gq6gZom9AFZby0YLduxT1qmrp4xpBA1YZr19OI717WIdKE2OM5ETq5qrHLb301IgxhLwcuxvGZVLeeWc/k1I6w==

d3-polygon@3:
  version "3.0.1"
  resolved "https://registry.yarnpkg.com/d3-polygon/-/d3-polygon-3.0.1.tgz#0b45d3dd1c48a29c8e057e6135693ec80bf16398"
  integrity sha512-3vbA7vXYwfe1SYhED++fPUQlWSYTTGmFmQiany/gdbiWgU/iEyQzyymwL9SkJjFFuCS4902BSzewVGsHHmHtXg==

"d3-quadtree@1 - 3", d3-quadtree@3:
  version "3.0.1"
  resolved "https://registry.yarnpkg.com/d3-quadtree/-/d3-quadtree-3.0.1.tgz#6dca3e8be2b393c9a9d514dabbd80a92deef1a4f"
  integrity sha512-04xDrxQTDTCFwP5H6hRhsRcb9xxv2RzkcsygFzmkSIOJy3PeRJP7sNk3VRIbKXcog561P9oU0/rVH6vDROAgUw==

d3-random@3:
  version "3.0.1"
  resolved "https://registry.yarnpkg.com/d3-random/-/d3-random-3.0.1.tgz#d4926378d333d9c0bfd1e6fa0194d30aebaa20f4"
  integrity sha512-FXMe9GfxTxqd5D6jFsQ+DJ8BJS4E/fT5mqqdjovykEB2oFbTMDVdg1MGFxfQW+FBOGoB++k8swBrgwSHT1cUXQ==

d3-scale-chromatic@3:
  version "3.0.0"
  resolved "https://registry.yarnpkg.com/d3-scale-chromatic/-/d3-scale-chromatic-3.0.0.tgz#15b4ceb8ca2bb0dcb6d1a641ee03d59c3b62376a"
  integrity sha512-Lx9thtxAKrO2Pq6OO2Ua474opeziKr279P/TKZsMAhYyNDD3EnCffdbgeSYN5O7m2ByQsxtuP2CSDczNUIZ22g==
  dependencies:
    d3-color "1 - 3"
    d3-interpolate "1 - 3"

d3-scale@4:
  version "4.0.2"
  resolved "https://registry.yarnpkg.com/d3-scale/-/d3-scale-4.0.2.tgz#82b38e8e8ff7080764f8dcec77bd4be393689396"
  integrity sha512-GZW464g1SH7ag3Y7hXjf8RoUuAFIqklOAq3MRl4OaWabTFJY9PN/E1YklhXLh+OQ3fM9yS2nOkCoS+WLZ6kvxQ==
  dependencies:
    d3-array "2.10.0 - 3"
    d3-format "1 - 3"
    d3-interpolate "1.2.0 - 3"
    d3-time "2.1.1 - 3"
    d3-time-format "2 - 4"

"d3-selection@2 - 3", d3-selection@3:
  version "3.0.0"
  resolved "https://registry.yarnpkg.com/d3-selection/-/d3-selection-3.0.0.tgz#c25338207efa72cc5b9bd1458a1a41901f1e1b31"
  integrity sha512-fmTRWbNMmsmWq6xJV8D19U/gw/bwrHfNXxrIN+HfZgnzqTHp9jOmKMhsTUjXOJnZOdZY9Q28y4yebKzqDKlxlQ==

d3-shape@3:
  version "3.0.1"
  resolved "https://registry.yarnpkg.com/d3-shape/-/d3-shape-3.0.1.tgz#9ccdfb28fd9b0d12f2d8aec234cd5c4a9ea27931"
  integrity sha512-HNZNEQoDhuCrDWEc/BMbF/hKtzMZVoe64TvisFLDp2Iyj0UShB/E6/lBsLlJTfBMbYgftHj90cXJ0SEitlE6Xw==
  dependencies:
    d3-path "1 - 3"

"d3-time-format@2 - 4", d3-time-format@4:
  version "4.0.0"
  resolved "https://registry.yarnpkg.com/d3-time-format/-/d3-time-format-4.0.0.tgz#930ded86a9de761702344760d8a25753467f28b7"
  integrity sha512-nzaCwlj+ZVBIlFuVOT1RmU+6xb/7D5IcnhHzHQcBgS/aTa5K9fWZNN5LCXA27LgF5WxoSNJqKBbLcGMtM6Ca6A==
  dependencies:
    d3-time "1 - 3"

"d3-time@1 - 3", "d3-time@2.1.1 - 3", d3-time@3:
  version "3.0.0"
  resolved "https://registry.yarnpkg.com/d3-time/-/d3-time-3.0.0.tgz#65972cb98ae2d4954ef5c932e8704061335d4975"
  integrity sha512-zmV3lRnlaLI08y9IMRXSDshQb5Nj77smnfpnd2LrBa/2K281Jijactokeak14QacHs/kKq0AQ121nidNYlarbQ==
  dependencies:
    d3-array "2 - 3"

"d3-timer@1 - 3", d3-timer@3:
  version "3.0.1"
  resolved "https://registry.yarnpkg.com/d3-timer/-/d3-timer-3.0.1.tgz#6284d2a2708285b1abb7e201eda4380af35e63b0"
  integrity sha512-ndfJ/JxxMd3nw31uyKoY2naivF+r29V+Lc0svZxe1JvvIRmi8hUsrMvdOwgS1o6uBHmiz91geQ0ylPP0aj1VUA==

"d3-transition@2 - 3", d3-transition@3:
  version "3.0.1"
  resolved "https://registry.yarnpkg.com/d3-transition/-/d3-transition-3.0.1.tgz#6869fdde1448868077fdd5989200cb61b2a1645f"
  integrity sha512-ApKvfjsSR6tg06xrL434C0WydLr7JewBB3V+/39RMHsaXTOG0zmt/OAXeng5M5LBm0ojmxJrpomQVZ1aPvBL4w==
  dependencies:
    d3-color "1 - 3"
    d3-dispatch "1 - 3"
    d3-ease "1 - 3"
    d3-interpolate "1 - 3"
    d3-timer "1 - 3"

d3-zoom@3:
  version "3.0.0"
  resolved "https://registry.yarnpkg.com/d3-zoom/-/d3-zoom-3.0.0.tgz#d13f4165c73217ffeaa54295cd6969b3e7aee8f3"
  integrity sha512-b8AmV3kfQaqWAuacbPuNbL6vahnOJflOhexLzMMNLga62+/nh0JzvJ0aO/5a5MVgUFGS7Hu1P9P03o3fJkDCyw==
  dependencies:
    d3-dispatch "1 - 3"
    d3-drag "2 - 3"
    d3-interpolate "1 - 3"
    d3-selection "2 - 3"
    d3-transition "2 - 3"

d3@^7.0.0, d3@^7.1.1:
  version "7.1.1"
  resolved "https://registry.yarnpkg.com/d3/-/d3-7.1.1.tgz#77b9a0c9893b13643b8e52316ec65dca3a6a115e"
  integrity sha512-8zkLMwSvUAnfN9pcJDfkuxU0Nvg4RLUD0A4BZN1KxJPtlnCGzMx3xM5cRl4m8fym/Vy8rlq52tl90UF3m91OnA==
  dependencies:
    d3-array "3"
    d3-axis "3"
    d3-brush "3"
    d3-chord "3"
    d3-color "3"
    d3-contour "3"
    d3-delaunay "6"
    d3-dispatch "3"
    d3-drag "3"
    d3-dsv "3"
    d3-ease "3"
    d3-fetch "3"
    d3-force "3"
    d3-format "3"
    d3-geo "3"
    d3-hierarchy "3"
    d3-interpolate "3"
    d3-path "3"
    d3-polygon "3"
    d3-quadtree "3"
    d3-random "3"
    d3-scale "4"
    d3-scale-chromatic "3"
    d3-selection "3"
    d3-shape "3"
    d3-time "3"
    d3-time-format "4"
    d3-timer "3"
    d3-transition "3"
    d3-zoom "3"

deepmerge@^4.2.2:
  version "4.2.2"
  resolved "https://registry.yarnpkg.com/deepmerge/-/deepmerge-4.2.2.tgz#44d2ea3679b8f4d4ffba33f03d865fc1e7bf4955"
  integrity sha512-FJ3UgI4gIl+PHZm53knsuSFpE+nESMr7M4v9QcgB7S63Kj/6WqMiFQJpBBYz1Pt+66bZpP3Q7Lye0Oo9MPKEdg==

delaunator@5:
  version "5.0.0"
  resolved "https://registry.yarnpkg.com/delaunator/-/delaunator-5.0.0.tgz#60f052b28bd91c9b4566850ebf7756efe821d81b"
  integrity sha512-AyLvtyJdbv/U1GkiS6gUUzclRoAY4Gs75qkMygJJhU75LW4DNuSF2RMzpxs9jw9Oz1BobHjTdkG3zdP55VxAqw==
  dependencies:
    robust-predicates "^3.0.0"

estree-walker@^1.0.1:
  version "1.0.1"
  resolved "https://registry.yarnpkg.com/estree-walker/-/estree-walker-1.0.1.tgz#31bc5d612c96b704106b477e6dd5d8aa138cb700"
  integrity sha512-1fMXF3YP4pZZVozF8j/ZLfvnR8NSIljt56UhbZ5PeeDmmGHpgpdwQt7ITlGvYaQukCvuBRMLEiKiYC+oeIg4cg==

fsevents@~2.3.2:
  version "2.3.2"
  resolved "https://registry.yarnpkg.com/fsevents/-/fsevents-2.3.2.tgz#8a526f78b8fdf4623b709e0b975c52c24c02fd1a"
  integrity sha512-xiqMQR4xAeHTuB9uWm+fFRcIOgKBMiOBP+eXiyT7jsgVCq1bkVygt00oASowB7EdtpOHaaPgKt812P9ab+DDKA==

function-bind@^1.1.1:
  version "1.1.1"
  resolved "https://registry.yarnpkg.com/function-bind/-/function-bind-1.1.1.tgz#a56899d3ea3c9bab874bb9773b7c5ede92f4895d"
  integrity sha512-yIovAzMX49sF8Yl58fSCWJ5svSLuaibPxXQJFLmBObTuCr0Mf1KiPopGM9NiFjiYBCbfaa2Fh6breQ6ANVTI0A==

has@^1.0.3:
  version "1.0.3"
  resolved "https://registry.yarnpkg.com/has/-/has-1.0.3.tgz#722d7cbfc1f6aa8241f16dd814e011e1f41e8796"
  integrity sha512-f2dvO0VU6Oej7RkWJGrehjbzMAjFp5/VKPp5tTpWIV4JHHZK1/BxbFRtf/siA2SWTe09caDmVtYYzWEIbBS4zw==
  dependencies:
    function-bind "^1.1.1"

iconv-lite@0.6:
  version "0.6.3"
  resolved "https://registry.yarnpkg.com/iconv-lite/-/iconv-lite-0.6.3.tgz#a52f80bf38da1952eb5c681790719871a1a72501"
  integrity sha512-4fCk79wshMdzMp2rH06qWrJE4iolqLhCUH+OiuIgU++RB0+94NlDL81atO7GX55uUKueo0txHNtvEyI6D7WdMw==
  dependencies:
    safer-buffer ">= 2.1.2 < 3.0.0"

"internmap@1 - 2":
  version "2.0.3"
  resolved "https://registry.yarnpkg.com/internmap/-/internmap-2.0.3.tgz#6685f23755e43c524e251d29cbc97248e3061009"
  integrity sha512-5Hh7Y1wQbvY5ooGgPbDaL5iYLAPzMTUrjMulskHLH6wnv/A+1q5rgEaiuqEjB+oxGXIVZs1FF+R/KPN3ZSQYYg==

is-core-module@^2.2.0:
  version "2.8.0"
  resolved "https://registry.yarnpkg.com/is-core-module/-/is-core-module-2.8.0.tgz#0321336c3d0925e497fd97f5d95cb114a5ccd548"
  integrity sha512-vd15qHsaqrRL7dtH6QNuy0ndJmRDrS9HAM1CAiSifNUFv4x1a0CCVsj18hJ1mShxIG6T2i1sO78MkP56r0nYRw==
  dependencies:
    has "^1.0.3"

is-module@^1.0.0:
  version "1.0.0"
  resolved "https://registry.yarnpkg.com/is-module/-/is-module-1.0.0.tgz#3258fb69f78c14d5b815d664336b4cffb6441591"
  integrity sha1-Mlj7afeMFNW4FdZkM2tM/7ZEFZE=

lodash-es@^4.17.21:
  version "4.17.21"
  resolved "https://registry.yarnpkg.com/lodash-es/-/lodash-es-4.17.21.tgz#43e626c46e6591b7750beb2b50117390c609e3ee"
  integrity sha512-mKnC+QJ9pWVzv+C4/U3rRsHapFfHvQFoFB92e52xeyGMcX6/OlIl78je1u8vePzYZSkkogMPJ2yjxxsb89cxyw==

path-parse@^1.0.6:
  version "1.0.7"
  resolved "https://registry.yarnpkg.com/path-parse/-/path-parse-1.0.7.tgz#fbc114b60ca42b30d9daf5858e4bd68bbedb6735"
  integrity sha512-LDJzPVEEEPR+y48z93A0Ed0yXb8pAByGWo/k5YYdYgpY2/2EsOsksJrq7lOHxryrVOn1ejG6oAp8ahvOIQD8sw==

picomatch@^2.2.2:
  version "2.3.0"
  resolved "https://registry.yarnpkg.com/picomatch/-/picomatch-2.3.0.tgz#f1f061de8f6a4bf022892e2d128234fb98302972"
  integrity sha512-lY1Q/PiJGC2zOv/z391WOTD+Z02bCgsFfvxoXXf6h7kv9o+WmsmzYqrAwY63sNgOxE4xEdq0WyUnXfKeBrSvYw==

resolve@^1.19.0:
  version "1.20.0"
  resolved "https://registry.yarnpkg.com/resolve/-/resolve-1.20.0.tgz#629a013fb3f70755d6f0b7935cc1c2c5378b1975"
  integrity sha512-wENBPt4ySzg4ybFQW2TT1zMQucPK95HSh/nq2CFTZVOGut2+pQvSsgtda4d26YrYcr067wjbmzOG8byDPBX63A==
  dependencies:
    is-core-module "^2.2.0"
    path-parse "^1.0.6"

robust-predicates@^3.0.0:
  version "3.0.1"
  resolved "https://registry.yarnpkg.com/robust-predicates/-/robust-predicates-3.0.1.tgz#ecde075044f7f30118682bd9fb3f123109577f9a"
  integrity sha512-ndEIpszUHiG4HtDsQLeIuMvRsDnn8c8rYStabochtUeCvfuvNptb5TUbVD68LRAILPX7p9nqQGh4xJgn3EHS/g==

rollup@^2.59.0:
  version "2.59.0"
  resolved "https://registry.yarnpkg.com/rollup/-/rollup-2.59.0.tgz#108c61b0fa0a37ebc8d1f164f281622056f0db59"
  integrity sha512-l7s90JQhCQ6JyZjKgo7Lq1dKh2RxatOM+Jr6a9F7WbS9WgKbocyUSeLmZl8evAse7y96Ae98L2k1cBOwWD8nHw==
  optionalDependencies:
    fsevents "~2.3.2"

rw@1:
  version "1.3.3"
  resolved "https://registry.yarnpkg.com/rw/-/rw-1.3.3.tgz#3f862dfa91ab766b14885ef4d01124bfda074fb4"
  integrity sha1-P4Yt+pGrdmsUiF700BEkv9oHT7Q=

"safer-buffer@>= 2.1.2 < 3.0.0":
  version "2.1.2"
  resolved "https://registry.yarnpkg.com/safer-buffer/-/safer-buffer-2.1.2.tgz#44fa161b0187b9549dd84bb91802f9bd8385cd6a"
  integrity sha512-YZo3K82SD7Riyi0E1EQPojLz7kpepnSQI9IyPbHHg1XXXevb5dJI7tpyN2ADxGcQbHG7vcyRHk0cbwqcQriUtg==

tensor-diagrams@^0.3.0:
  version "0.3.0"
  resolved "https://registry.yarnpkg.com/tensor-diagrams/-/tensor-diagrams-0.3.0.tgz#23e227bcbae031f70e5cb4f145d3ea336c5f6d61"
  integrity sha512-1DKMsHxxhSuvCS7c+0Vc4uHHgk+LTdlV7RMVfxnTZKHWVEGXfGsBV5fKy+QVtMKY6vLXy+YRVpQveiamr51ffw==
  dependencies:
    "@types/d3" "^6.7.0"
    d3 "^7.0.0"
